// !$*UTF8*$!
{
	archiveVersion = 1;
	classes = {
	};
	objectVersion = 60;
	objects = {

/* Begin PBXBuildFile section */
		5BFEC8152BF3AE2600920B2C /* vChewing_IMKUtils_ILIKeyImpl in Frameworks */ = {isa = PBXBuildFile; productRef = 5BFEC8142BF3AE2600920B2C /* vChewing_IMKUtils_ILIKeyImpl */; };
		5BFEC8192BF3AE4600920B2C /* ILIKey_MainAssembly in Resources */ = {isa = PBXBuildFile; fileRef = 5BFEC8162BF3AE4600920B2C /* ILIKey_MainAssembly */; };
		5BFEC81A2BF3AE4600920B2C /* vChewing_IMKUtils_ILIKeyImpl in Resources */ = {isa = PBXBuildFile; fileRef = 5BFEC8172BF3AE4600920B2C /* vChewing_IMKUtils_ILIKeyImpl */; };
		5BFEC81D2BF3AE6200920B2C /* vChewing_IMKUtils_ILIKeyImpl in Frameworks */ = {isa = PBXBuildFile; productRef = 5BFEC81C2BF3AE6200920B2C /* vChewing_IMKUtils_ILIKeyImpl */; };
		5BFEC8202BF3AE6B00920B2C /* ILIKeyMainAssembly in Frameworks */ = {isa = PBXBuildFile; productRef = 5BFEC81F2BF3AE6B00920B2C /* ILIKeyMainAssembly */; };
		5BFEC8222BF3AE6B00920B2C /* IMKCandidatesImpl in Frameworks */ = {isa = PBXBuildFile; productRef = 5BFEC8212BF3AE6B00920B2C /* IMKCandidatesImpl */; };
		5BFEC82C2BF3B55400920B2C /* MenuIcon-ILIMI.png in Resources */ = {isa = PBXBuildFile; fileRef = 5BFEC8292BF3B55400920B2C /* MenuIcon-ILIMI.png */; };
		5BFEC82D2BF3B55400920B2C /* MenuIcon-ILIMI@2x.png in Resources */ = {isa = PBXBuildFile; fileRef = 5BFEC82A2BF3B55400920B2C /* MenuIcon-ILIMI@2x.png */; };
		D41FD2E22BF35AD4008EE47E /* Assets.xcassets in Resources */ = {isa = PBXBuildFile; fileRef = D41FD2E12BF35AD4008EE47E /* Assets.xcassets */; };
		D41FD30E2BF35B34008EE47E /* main.swift in Sources */ = {isa = PBXBuildFile; fileRef = D41FD30D2BF35B34008EE47E /* main.swift */; };
		D41FD3182BF36023008EE47E /* Info.plist in Resources */ = {isa = PBXBuildFile; fileRef = D41FD3172BF36023008EE47E /* Info.plist */; };
/* End PBXBuildFile section */

/* Begin PBXFileReference section */
		5BFEC8162BF3AE4600920B2C /* ILIKey_MainAssembly */ = {isa = PBXFileReference; lastKnownFileType = wrapper; path = ILIKey_MainAssembly; sourceTree = "<group>"; };
		5BFEC8172BF3AE4600920B2C /* vChewing_IMKUtils_ILIKeyImpl */ = {isa = PBXFileReference; lastKnownFileType = wrapper; path = vChewing_IMKUtils_ILIKeyImpl; sourceTree = "<group>"; };
		5BFEC8292BF3B55400920B2C /* MenuIcon-ILIMI.png */ = {isa = PBXFileReference; lastKnownFileType = image.png; path = "MenuIcon-ILIMI.png"; sourceTree = "<group>"; };
		5BFEC82A2BF3B55400920B2C /* MenuIcon-ILIMI@2x.png */ = {isa = PBXFileReference; lastKnownFileType = image.png; path = "MenuIcon-ILIMI@2x.png"; sourceTree = "<group>"; };
		D41FD2DA2BF35AD2008EE47E /* ILIKey.app */ = {isa = PBXFileReference; explicitFileType = wrapper.application; includeInIndex = 0; path = ILIKey.app; sourceTree = BUILT_PRODUCTS_DIR; };
		D41FD2E12BF35AD4008EE47E /* Assets.xcassets */ = {isa = PBXFileReference; lastKnownFileType = folder.assetcatalog; path = Assets.xcassets; sourceTree = "<group>"; };
		D41FD2EB2BF35AD4008EE47E /* ILIKey.entitlements */ = {isa = PBXFileReference; lastKnownFileType = text.plist.entitlements; path = ILIKey.entitlements; sourceTree = "<group>"; };
		D41FD30D2BF35B34008EE47E /* main.swift */ = {isa = PBXFileReference; lastKnownFileType = sourcecode.swift; path = main.swift; sourceTree = "<group>"; };
		D41FD3172BF36023008EE47E /* Info.plist */ = {isa = PBXFileReference; lastKnownFileType = text.plist.xml; path = Info.plist; sourceTree = "<group>"; };
/* End PBXFileReference section */

/* Begin PBXFrameworksBuildPhase section */
		D41FD2D72BF35AD2008EE47E /* Frameworks */ = {
			isa = PBXFrameworksBuildPhase;
			buildActionMask = 2147483647;
			files = (
				5BFEC8222BF3AE6B00920B2C /* IMKCandidatesImpl in Frameworks */,
				5BFEC81D2BF3AE6200920B2C /* vChewing_IMKUtils_ILIKeyImpl in Frameworks */,
				5BFEC8202BF3AE6B00920B2C /* ILIKeyMainAssembly in Frameworks */,
				5BFEC8152BF3AE2600920B2C /* vChewing_IMKUtils_ILIKeyImpl in Frameworks */,
			);
			runOnlyForDeploymentPostprocessing = 0;
		};
/* End PBXFrameworksBuildPhase section */

/* Begin PBXGroup section */
		5BFEC8182BF3AE4600920B2C /* Packages */ = {
			isa = PBXGroup;
			children = (
				5BFEC8162BF3AE4600920B2C /* ILIKey_MainAssembly */,
				5BFEC8172BF3AE4600920B2C /* vChewing_IMKUtils_ILIKeyImpl */,
			);
			path = Packages;
			sourceTree = "<group>";
		};
		5BFEC8282BF3B52900920B2C /* Resources */ = {
			isa = PBXGroup;
			children = (
				5BFEC82B2BF3B55400920B2C /* MenuIcons */,
				D41FD3172BF36023008EE47E /* Info.plist */,
				D41FD2E12BF35AD4008EE47E /* Assets.xcassets */,
			);
			path = Resources;
			sourceTree = "<group>";
		};
		5BFEC82B2BF3B55400920B2C /* MenuIcons */ = {
			isa = PBXGroup;
			children = (
				5BFEC8292BF3B55400920B2C /* MenuIcon-ILIMI.png */,
				5BFEC82A2BF3B55400920B2C /* MenuIcon-ILIMI@2x.png */,
			);
			name = MenuIcons;
			path = "../../../ilimi-inputmethod/ilimi/MenuIcons";
			sourceTree = "<group>";
		};
		D41FD2D12BF35AD2008EE47E = {
			isa = PBXGroup;
			children = (
				5BFEC8182BF3AE4600920B2C /* Packages */,
				D41FD2DC2BF35AD2008EE47E /* ILIKey */,
				D41FD2DB2BF35AD2008EE47E /* Products */,
			);
			sourceTree = "<group>";
		};
		D41FD2DB2BF35AD2008EE47E /* Products */ = {
			isa = PBXGroup;
			children = (
				D41FD2DA2BF35AD2008EE47E /* ILIKey.app */,
			);
			name = Products;
			sourceTree = "<group>";
		};
		D41FD2DC2BF35AD2008EE47E /* ILIKey */ = {
			isa = PBXGroup;
			children = (
				5BFEC8282BF3B52900920B2C /* Resources */,
				D41FD2EB2BF35AD4008EE47E /* ILIKey.entitlements */,
				D41FD30D2BF35B34008EE47E /* main.swift */,
			);
			path = ILIKey;
			sourceTree = "<group>";
		};
/* End PBXGroup section */

/* Begin PBXNativeTarget section */
		D41FD2D92BF35AD2008EE47E /* ILIKey */ = {
			isa = PBXNativeTarget;
			buildConfigurationList = D41FD3042BF35AD4008EE47E /* Build configuration list for PBXNativeTarget "ILIKey" */;
			buildPhases = (
				5B21946B2BF364190005680E /* ShellScript */,
				D41FD2D62BF35AD2008EE47E /* Sources */,
				D41FD2D72BF35AD2008EE47E /* Frameworks */,
				D41FD2D82BF35AD2008EE47E /* Resources */,
			);
			buildRules = (
			);
			dependencies = (
			);
			name = ILIKey;
			packageProductDependencies = (
				5BFEC8142BF3AE2600920B2C /* vChewing_IMKUtils_ILIKeyImpl */,
				5BFEC81C2BF3AE6200920B2C /* vChewing_IMKUtils_ILIKeyImpl */,
				5BFEC81F2BF3AE6B00920B2C /* ILIKeyMainAssembly */,
				5BFEC8212BF3AE6B00920B2C /* IMKCandidatesImpl */,
			);
			productName = ILIKey;
			productReference = D41FD2DA2BF35AD2008EE47E /* ILIKey.app */;
			productType = "com.apple.product-type.application";
		};
/* End PBXNativeTarget section */

/* Begin PBXProject section */
		D41FD2D22BF35AD2008EE47E /* Project object */ = {
			isa = PBXProject;
			attributes = {
				BuildIndependentTargetsInParallel = 1;
				LastSwiftUpdateCheck = 1530;
				LastUpgradeCheck = 1530;
				TargetAttributes = {
					D41FD2D92BF35AD2008EE47E = {
						CreatedOnToolsVersion = 15.3;
					};
				};
			};
			buildConfigurationList = D41FD2D52BF35AD2008EE47E /* Build configuration list for PBXProject "ILIKey" */;
			compatibilityVersion = "Xcode 14.0";
			developmentRegion = en;
			hasScannedForEncodings = 0;
			knownRegions = (
				en,
				Base,
			);
			mainGroup = D41FD2D12BF35AD2008EE47E;
			packageReferences = (
				5BFEC81B2BF3AE6200920B2C /* XCLocalSwiftPackageReference "Packages/vChewing_IMKUtils_ILIKeyImpl" */,
				5BFEC81E2BF3AE6B00920B2C /* XCLocalSwiftPackageReference "Packages/ILIKey_MainAssembly" */,
			);
			productRefGroup = D41FD2DB2BF35AD2008EE47E /* Products */;
			projectDirPath = "";
			projectRoot = "";
			targets = (
				D41FD2D92BF35AD2008EE47E /* ILIKey */,
			);
		};
/* End PBXProject section */

/* Begin PBXResourcesBuildPhase section */
		D41FD2D82BF35AD2008EE47E /* Resources */ = {
			isa = PBXResourcesBuildPhase;
			buildActionMask = 2147483647;
			files = (
				5BFEC81A2BF3AE4600920B2C /* vChewing_IMKUtils_ILIKeyImpl in Resources */,
				5BFEC82C2BF3B55400920B2C /* MenuIcon-ILIMI.png in Resources */,
				D41FD2E22BF35AD4008EE47E /* Assets.xcassets in Resources */,
				5BFEC82D2BF3B55400920B2C /* MenuIcon-ILIMI@2x.png in Resources */,
				5BFEC8192BF3AE4600920B2C /* ILIKey_MainAssembly in Resources */,
				D41FD3182BF36023008EE47E /* Info.plist in Resources */,
			);
			runOnlyForDeploymentPostprocessing = 0;
		};
/* End PBXResourcesBuildPhase section */

/* Begin PBXShellScriptBuildPhase section */
		5B21946B2BF364190005680E /* ShellScript */ = {
			isa = PBXShellScriptBuildPhase;
			buildActionMask = 2147483647;
			files = (
			);
			inputFileListPaths = (
			);
			inputPaths = (
			);
			outputFileListPaths = (
			);
			outputPaths = (
			);
			runOnlyForDeploymentPostprocessing = 0;
			shellPath = /bin/sh;
			shellScript = "if [[ \"$(uname -m)\" == arm64 ]]; then\n    export PATH=\"/opt/homebrew/bin:$PATH\"\nfi\n\nif which swiftlint >/dev/null; then\n  git ls-files --exclude-standard | grep -E '\\.swift$$' | swiftlint --fix --autocorrect\nelse\n  echo \"warning: SwiftLint not installed, download from https://github.com/realm/SwiftLint\"\nfi\n\nif which swiftformat >/dev/null; then\n  swiftformat .\nelse\n  echo \"warning: SwiftFormat not installed, download from https://github.com/nicklockwood/SwiftFormat\"\nfi\n";
		};
/* End PBXShellScriptBuildPhase section */

/* Begin PBXSourcesBuildPhase section */
		D41FD2D62BF35AD2008EE47E /* Sources */ = {
			isa = PBXSourcesBuildPhase;
			buildActionMask = 2147483647;
			files = (
				D41FD30E2BF35B34008EE47E /* main.swift in Sources */,
			);
			runOnlyForDeploymentPostprocessing = 0;
		};
/* End PBXSourcesBuildPhase section */

/* Begin XCBuildConfiguration section */
		D41FD3022BF35AD4008EE47E /* Debug */ = {
			isa = XCBuildConfiguration;
			buildSettings = {
				ALWAYS_SEARCH_USER_PATHS = NO;
				ASSETCATALOG_COMPILER_GENERATE_SWIFT_ASSET_SYMBOL_EXTENSIONS = YES;
				CLANG_ANALYZER_NONNULL = YES;
				CLANG_ANALYZER_NUMBER_OBJECT_CONVERSION = YES_AGGRESSIVE;
				CLANG_CXX_LANGUAGE_STANDARD = "gnu++20";
				CLANG_ENABLE_MODULES = YES;
				CLANG_ENABLE_OBJC_ARC = YES;
				CLANG_ENABLE_OBJC_WEAK = YES;
				CLANG_WARN_BLOCK_CAPTURE_AUTORELEASING = YES;
				CLANG_WARN_BOOL_CONVERSION = YES;
				CLANG_WARN_COMMA = YES;
				CLANG_WARN_CONSTANT_CONVERSION = YES;
				CLANG_WARN_DEPRECATED_OBJC_IMPLEMENTATIONS = YES;
				CLANG_WARN_DIRECT_OBJC_ISA_USAGE = YES_ERROR;
				CLANG_WARN_DOCUMENTATION_COMMENTS = YES;
				CLANG_WARN_EMPTY_BODY = YES;
				CLANG_WARN_ENUM_CONVERSION = YES;
				CLANG_WARN_INFINITE_RECURSION = YES;
				CLANG_WARN_INT_CONVERSION = YES;
				CLANG_WARN_NON_LITERAL_NULL_CONVERSION = YES;
				CLANG_WARN_OBJC_IMPLICIT_RETAIN_SELF = YES;
				CLANG_WARN_OBJC_LITERAL_CONVERSION = YES;
				CLANG_WARN_OBJC_ROOT_CLASS = YES_ERROR;
				CLANG_WARN_QUOTED_INCLUDE_IN_FRAMEWORK_HEADER = YES;
				CLANG_WARN_RANGE_LOOP_ANALYSIS = YES;
				CLANG_WARN_STRICT_PROTOTYPES = YES;
				CLANG_WARN_SUSPICIOUS_MOVE = YES;
				CLANG_WARN_UNGUARDED_AVAILABILITY = YES_AGGRESSIVE;
				CLANG_WARN_UNREACHABLE_CODE = YES;
				CLANG_WARN__DUPLICATE_METHOD_MATCH = YES;
				COPY_PHASE_STRIP = NO;
				DEBUG_INFORMATION_FORMAT = dwarf;
				ENABLE_STRICT_OBJC_MSGSEND = YES;
				ENABLE_TESTABILITY = YES;
				ENABLE_USER_SCRIPT_SANDBOXING = NO;
				GCC_C_LANGUAGE_STANDARD = gnu17;
				GCC_DYNAMIC_NO_PIC = NO;
				GCC_NO_COMMON_BLOCKS = YES;
				GCC_OPTIMIZATION_LEVEL = 0;
				GCC_PREPROCESSOR_DEFINITIONS = (
					"DEBUG=1",
					"$(inherited)",
				);
				GCC_WARN_64_TO_32_BIT_CONVERSION = YES;
				GCC_WARN_ABOUT_RETURN_TYPE = YES_ERROR;
				GCC_WARN_UNDECLARED_SELECTOR = YES;
				GCC_WARN_UNINITIALIZED_AUTOS = YES_AGGRESSIVE;
				GCC_WARN_UNUSED_FUNCTION = YES;
				GCC_WARN_UNUSED_VARIABLE = YES;
				LOCALIZATION_PREFERS_STRING_CATALOGS = YES;
				MACOSX_DEPLOYMENT_TARGET = 14.4;
				MTL_ENABLE_DEBUG_INFO = INCLUDE_SOURCE;
				MTL_FAST_MATH = YES;
				ONLY_ACTIVE_ARCH = YES;
				SDKROOT = macosx;
				SWIFT_ACTIVE_COMPILATION_CONDITIONS = "DEBUG $(inherited)";
				SWIFT_OPTIMIZATION_LEVEL = "-Onone";
			};
			name = Debug;
		};
		D41FD3032BF35AD4008EE47E /* Release */ = {
			isa = XCBuildConfiguration;
			buildSettings = {
				ALWAYS_SEARCH_USER_PATHS = NO;
				ASSETCATALOG_COMPILER_GENERATE_SWIFT_ASSET_SYMBOL_EXTENSIONS = YES;
				CLANG_ANALYZER_NONNULL = YES;
				CLANG_ANALYZER_NUMBER_OBJECT_CONVERSION = YES_AGGRESSIVE;
				CLANG_CXX_LANGUAGE_STANDARD = "gnu++20";
				CLANG_ENABLE_MODULES = YES;
				CLANG_ENABLE_OBJC_ARC = YES;
				CLANG_ENABLE_OBJC_WEAK = YES;
				CLANG_WARN_BLOCK_CAPTURE_AUTORELEASING = YES;
				CLANG_WARN_BOOL_CONVERSION = YES;
				CLANG_WARN_COMMA = YES;
				CLANG_WARN_CONSTANT_CONVERSION = YES;
				CLANG_WARN_DEPRECATED_OBJC_IMPLEMENTATIONS = YES;
				CLANG_WARN_DIRECT_OBJC_ISA_USAGE = YES_ERROR;
				CLANG_WARN_DOCUMENTATION_COMMENTS = YES;
				CLANG_WARN_EMPTY_BODY = YES;
				CLANG_WARN_ENUM_CONVERSION = YES;
				CLANG_WARN_INFINITE_RECURSION = YES;
				CLANG_WARN_INT_CONVERSION = YES;
				CLANG_WARN_NON_LITERAL_NULL_CONVERSION = YES;
				CLANG_WARN_OBJC_IMPLICIT_RETAIN_SELF = YES;
				CLANG_WARN_OBJC_LITERAL_CONVERSION = YES;
				CLANG_WARN_OBJC_ROOT_CLASS = YES_ERROR;
				CLANG_WARN_QUOTED_INCLUDE_IN_FRAMEWORK_HEADER = YES;
				CLANG_WARN_RANGE_LOOP_ANALYSIS = YES;
				CLANG_WARN_STRICT_PROTOTYPES = YES;
				CLANG_WARN_SUSPICIOUS_MOVE = YES;
				CLANG_WARN_UNGUARDED_AVAILABILITY = YES_AGGRESSIVE;
				CLANG_WARN_UNREACHABLE_CODE = YES;
				CLANG_WARN__DUPLICATE_METHOD_MATCH = YES;
				COPY_PHASE_STRIP = NO;
				DEBUG_INFORMATION_FORMAT = "dwarf-with-dsym";
				ENABLE_NS_ASSERTIONS = NO;
				ENABLE_STRICT_OBJC_MSGSEND = YES;
				ENABLE_USER_SCRIPT_SANDBOXING = NO;
				GCC_C_LANGUAGE_STANDARD = gnu17;
				GCC_NO_COMMON_BLOCKS = YES;
				GCC_WARN_64_TO_32_BIT_CONVERSION = YES;
				GCC_WARN_ABOUT_RETURN_TYPE = YES_ERROR;
				GCC_WARN_UNDECLARED_SELECTOR = YES;
				GCC_WARN_UNINITIALIZED_AUTOS = YES_AGGRESSIVE;
				GCC_WARN_UNUSED_FUNCTION = YES;
				GCC_WARN_UNUSED_VARIABLE = YES;
				LOCALIZATION_PREFERS_STRING_CATALOGS = YES;
				MACOSX_DEPLOYMENT_TARGET = 14.4;
				MTL_ENABLE_DEBUG_INFO = NO;
				MTL_FAST_MATH = YES;
				SDKROOT = macosx;
				SWIFT_COMPILATION_MODE = wholemodule;
			};
			name = Release;
		};
		D41FD3052BF35AD4008EE47E /* Debug */ = {
			isa = XCBuildConfiguration;
			buildSettings = {
				ASSETCATALOG_COMPILER_APPICON_NAME = AppIcon;
				ASSETCATALOG_COMPILER_GLOBAL_ACCENT_COLOR_NAME = AccentColor;
				CODE_SIGN_ENTITLEMENTS = ILIKey/ILIKey.entitlements;
				"CODE_SIGN_IDENTITY[sdk=macosx*]" = "-";
				CODE_SIGN_STYLE = Automatic;
				COMBINE_HIDPI_IMAGES = YES;
				CURRENT_PROJECT_VERSION = 1;
				DEVELOPMENT_TEAM = "";
				ENABLE_HARDENED_RUNTIME = YES;
				ENABLE_PREVIEWS = YES;
				GENERATE_INFOPLIST_FILE = YES;
				INFOPLIST_FILE = "${SRCROOT}/ILIKey/Resources/Info.plist";
				INFOPLIST_KEY_NSHumanReadableCopyright = "";
				LD_RUNPATH_SEARCH_PATHS = (
					"$(inherited)",
					"@executable_path/../Frameworks",
				);
				MARKETING_VERSION = 1.0;
				PRODUCT_BUNDLE_IDENTIFIER = com.jefferson.inputmethod.ILIKey;
				PRODUCT_NAME = "$(TARGET_NAME)";
				SWIFT_EMIT_LOC_STRINGS = YES;
				SWIFT_VERSION = 5.0;
			};
			name = Debug;
		};
		D41FD3062BF35AD4008EE47E /* Release */ = {
			isa = XCBuildConfiguration;
			buildSettings = {
				ASSETCATALOG_COMPILER_APPICON_NAME = AppIcon;
				ASSETCATALOG_COMPILER_GLOBAL_ACCENT_COLOR_NAME = AccentColor;
				CODE_SIGN_ENTITLEMENTS = ILIKey/ILIKey.entitlements;
				"CODE_SIGN_IDENTITY[sdk=macosx*]" = "-";
				CODE_SIGN_STYLE = Automatic;
				COMBINE_HIDPI_IMAGES = YES;
				CURRENT_PROJECT_VERSION = 1;
				DEVELOPMENT_TEAM = "";
				ENABLE_HARDENED_RUNTIME = YES;
				ENABLE_PREVIEWS = YES;
				GENERATE_INFOPLIST_FILE = YES;
				INFOPLIST_FILE = "${SRCROOT}/ILIKey/Resources/Info.plist";
				INFOPLIST_KEY_NSHumanReadableCopyright = "";
				LD_RUNPATH_SEARCH_PATHS = (
					"$(inherited)",
					"@executable_path/../Frameworks",
				);
				MARKETING_VERSION = 1.0;
				PRODUCT_BUNDLE_IDENTIFIER = com.jefferson.inputmethod.ILIKey;
				PRODUCT_NAME = "$(TARGET_NAME)";
				SWIFT_EMIT_LOC_STRINGS = YES;
				SWIFT_VERSION = 5.0;
			};
			name = Release;
		};
/* End XCBuildConfiguration section */

/* Begin XCConfigurationList section */
		D41FD2D52BF35AD2008EE47E /* Build configuration list for PBXProject "ILIKey" */ = {
			isa = XCConfigurationList;
			buildConfigurations = (
				D41FD3022BF35AD4008EE47E /* Debug */,
				D41FD3032BF35AD4008EE47E /* Release */,
			);
			defaultConfigurationIsVisible = 0;
			defaultConfigurationName = Release;
		};
		D41FD3042BF35AD4008EE47E /* Build configuration list for PBXNativeTarget "ILIKey" */ = {
			isa = XCConfigurationList;
			buildConfigurations = (
				D41FD3052BF35AD4008EE47E /* Debug */,
				D41FD3062BF35AD4008EE47E /* Release */,
			);
			defaultConfigurationIsVisible = 0;
			defaultConfigurationName = Release;
		};
/* End XCConfigurationList section */

/* Begin XCLocalSwiftPackageReference section */
		5BFEC81B2BF3AE6200920B2C /* XCLocalSwiftPackageReference "Packages/vChewing_IMKUtils_ILIKeyImpl" */ = {
			isa = XCLocalSwiftPackageReference;
			relativePath = Packages/vChewing_IMKUtils_ILIKeyImpl;
		};
		5BFEC81E2BF3AE6B00920B2C /* XCLocalSwiftPackageReference "Packages/ILIKey_MainAssembly" */ = {
			isa = XCLocalSwiftPackageReference;
			relativePath = Packages/ILIKey_MainAssembly;
		};
/* End XCLocalSwiftPackageReference section */

/* Begin XCSwiftPackageProductDependency section */
		5BFEC8142BF3AE2600920B2C /* vChewing_IMKUtils_ILIKeyImpl */ = {
			isa = XCSwiftPackageProductDependency;
			productName = vChewing_IMKUtils_ILIKeyImpl;
		};
		5BFEC81C2BF3AE6200920B2C /* vChewing_IMKUtils_ILIKeyImpl */ = {
			isa = XCSwiftPackageProductDependency;
			productName = vChewing_IMKUtils_ILIKeyImpl;
		};
		5BFEC81F2BF3AE6B00920B2C /* ILIKeyMainAssembly */ = {
			isa = XCSwiftPackageProductDependency;
			productName = ILIKeyMainAssembly;
		};
		5BFEC8212BF3AE6B00920B2C /* IMKCandidatesImpl */ = {
			isa = XCSwiftPackageProductDependency;
			productName = IMKCandidatesImpl;
		};
/* End XCSwiftPackageProductDependency section */
	};
	rootObject = D41FD2D22BF35AD2008EE47E /* Project object */;
}
